{
    "_readme": [
        "This file locks the dependencies of your project to a known state",
        "Read more about it at https://getcomposer.org/doc/01-basic-usage.md#composer-lock-the-lock-file",
        "This file is @generated automatically"
    ],
    "hash": "690fc4cb7920035d71fc78f5238c161f",
    "content-hash": "7662dad52814a17d841d71075d1e6551",
    "packages": [
        {
            "name": "rzajac/vagrant-prov",
            "version": "2.2.9",
            "source": {
                "type": "git",
                "url": "https://github.com/rzajac/vagrant-prov.git",
                "reference": "d96d7518c893dd361a59b1fbeff735a80b5cd1b2"
            },
            "dist": {
                "type": "zip",
                "url": "https://api.github.com/repos/rzajac/vagrant-prov/zipball/d96d7518c893dd361a59b1fbeff735a80b5cd1b2",
                "reference": "d96d7518c893dd361a59b1fbeff735a80b5cd1b2",
                "shasum": ""
            },
            "require": {
                "php": ">=5.5.0"
            },
            "bin": [
                "provision/bin/php-vagrant-init"
            ],
            "type": "project",
            "notification-url": "https://packagist.org/downloads/",
            "license": [
                "Apache License 2.0"
            ],
            "authors": [
                {
                    "name": "Rafal Zajac",
                    "email": "rzajac@gmail.com"
                }
            ],
            "description": "Vagrant provisioning scripts for PHP, MySQL, Apache and Nginx",
            "keywords": [
                "vagrant"
            ],
            "time": "2016-06-12 14:25:16"
        }
    ],
    "packages-dev": [],
    "aliases": [],
    "minimum-stability": "stable",
    "stability-flags": [],
    "prefer-stable": false,
    "prefer-lowest": false,
    "platform": {
        "php": ">=5.5.0"
    },
    "platform-dev": []
}
